{
  "name": "aaosa-mimoe",
  "version": "0.1.5",
  "lockfileVersion": 3,
  "requires": true,
  "packages": {
    "": {
      "name": "aaosa-mimoe",
      "version": "0.1.5",
      "license": "Apache-2.0",
      "dependencies": {
        "@mimik/mcp-kit": "^1.1.1"
      },
      "bin": {
        "aaosa-agent": "agent.js"
      },
      "engines": {
        "node": ">=18"
      }
    },
    "node_modules/@mimik/mcp-kit": {
      "version": "1.1.1",
      "resolved": "https://registry.npmjs.org/@mimik/mcp-kit/-/mcp-kit-1.1.1.tgz",
      "integrity": "sha512-E6y97J6oSuvW2xsp1q3tT+o71MsF8k4Ttl9qpTWuv2ok9Pz1FMMJEtUAq0qjipnHleoXfcni1cSQY+LxMfbN2w=="
    }
  }
}
